
Microsoft Visual Studio Solution File, Format Version 12.00
# Visual Studio Version 16
VisualStudioVersion = 16.0.31025.194
MinimumVisualStudioVersion = 10.0.40219.1
Project("{FAE04EC0-301F-11D3-BF4B-00C04F79EFBC}") = "Instagrammer", "Instagrammer\Instagrammer.csproj", "{573F8125-6BBE-42AA-B2E3-AF590687345E}"
EndProject
Global
	GlobalSection(SolutionConfigurationPlatforms) = preSolution
		Debug|Any CPU = Debug|Any CPU
		Release|Any CPU = Release|Any CPU
	EndGlobalSection
	GlobalSection(ProjectConfigurationPlatforms) = postSolution
		{573F8125-6BBE-42AA-B2E3-AF590687345E}.Debug|Any CPU.ActiveCfg = Debug|Any CPU
		{573F8125-6BBE-42AA-B2E3-AF590687345E}.Debug|Any CPU.Build.0 = Debug|Any CPU
		{573F8125-6BBE-42AA-B2E3-AF590687345E}.Release|Any CPU.ActiveCfg = Release|Any CPU
		{573F8125-6BBE-42AA-B2E3-AF590687345E}.Release|Any CPU.Build.0 = Release|Any CPU
	EndGlobalSection
	GlobalSection(SolutionProperties) = preSolution
		HideSolutionNode = FALSE
	EndGlobalSection
	GlobalSection(ExtensibilityGlobals) = postSolution
		SolutionGuid = {F52E4E41-2642-4685-A87A-0450CBF8F9BE}
	EndGlobalSection
EndGlobal
